// !$*UTF8*$!
{
	archiveVersion = 1;
	classes = {
	};
	objectVersion = 55;
	objects = {

/* Begin PBXBuildFile section */
		5929C11727BE5ED400A732F0 /* AppDelegate.swift in Sources */ = {isa = PBXBuildFile; fileRef = 5929C11627BE5ED400A732F0 /* AppDelegate.swift */; };
		5929C11927BE5ED400A732F0 /* SceneDelegate.swift in Sources */ = {isa = PBXBuildFile; fileRef = 5929C11827BE5ED400A732F0 /* SceneDelegate.swift */; };
		5929C11E27BE5ED400A732F0 /* Main.storyboard in Resources */ = {isa = PBXBuildFile; fileRef = 5929C11C27BE5ED400A732F0 /* Main.storyboard */; };
		5929C12027BE5ED700A732F0 /* Assets.xcassets in Resources */ = {isa = PBXBuildFile; fileRef = 5929C11F27BE5ED700A732F0 /* Assets.xcassets */; };
		5929C12327BE5ED700A732F0 /* LaunchScreen.storyboard in Resources */ = {isa = PBXBuildFile; fileRef = 5929C12127BE5ED700A732F0 /* LaunchScreen.storyboard */; };
		5929C12B27BE62F300A732F0 /* .gitignore in Resources */ = {isa = PBXBuildFile; fileRef = 5929C12A27BE62F300A732F0 /* .gitignore */; };
		5929C13327BE680500A732F0 /* HeroesCollectionViewController.swift in Sources */ = {isa = PBXBuildFile; fileRef = 5929C13227BE680500A732F0 /* HeroesCollectionViewController.swift */; };
		5929C13527BE6A6500A732F0 /* HeroDetailsViewController.swift in Sources */ = {isa = PBXBuildFile; fileRef = 5929C13427BE6A6500A732F0 /* HeroDetailsViewController.swift */; };
		5929C13827BE70C400A732F0 /* Hero.swift in Sources */ = {isa = PBXBuildFile; fileRef = 5929C13727BE70C400A732F0 /* Hero.swift */; };
/* End PBXBuildFile section */

/* Begin PBXFileReference section */
		5929C11327BE5ED400A732F0 /* HeroesApp.app */ = {isa = PBXFileReference; explicitFileType = wrapper.application; includeInIndex = 0; path = HeroesApp.app; sourceTree = BUILT_PRODUCTS_DIR; };
		5929C11627BE5ED400A732F0 /* AppDelegate.swift */ = {isa = PBXFileReference; lastKnownFileType = sourcecode.swift; path = AppDelegate.swift; sourceTree = "<group>"; };
		5929C11827BE5ED400A732F0 /* SceneDelegate.swift */ = {isa = PBXFileReference; lastKnownFileType = sourcecode.swift; path = SceneDelegate.swift; sourceTree = "<group>"; };
		5929C11D27BE5ED400A732F0 /* Base */ = {isa = PBXFileReference; lastKnownFileType = file.storyboard; name = Base; path = Base.lproj/Main.storyboard; sourceTree = "<group>"; };
		5929C11F27BE5ED700A732F0 /* Assets.xcassets */ = {isa = PBXFileReference; lastKnownFileType = folder.assetcatalog; path = Assets.xcassets; sourceTree = "<group>"; };
		5929C12227BE5ED700A732F0 /* Base */ = {isa = PBXFileReference; lastKnownFileType = file.storyboard; name = Base; path = Base.lproj/LaunchScreen.storyboard; sourceTree = "<group>"; };
		5929C12427BE5ED700A732F0 /* Info.plist */ = {isa = PBXFileReference; lastKnownFileType = text.plist.xml; path = Info.plist; sourceTree = "<group>"; };
		5929C12A27BE62F300A732F0 /* .gitignore */ = {isa = PBXFileReference; fileEncoding = 4; lastKnownFileType = text; path = .gitignore; sourceTree = SOURCE_ROOT; };
		5929C13227BE680500A732F0 /* HeroesCollectionViewController.swift */ = {isa = PBXFileReference; lastKnownFileType = sourcecode.swift; path = HeroesCollectionViewController.swift; sourceTree = "<group>"; };
		5929C13427BE6A6500A732F0 /* HeroDetailsViewController.swift */ = {isa = PBXFileReference; lastKnownFileType = sourcecode.swift; path = HeroDetailsViewController.swift; sourceTree = "<group>"; };
		5929C13727BE70C400A732F0 /* Hero.swift */ = {isa = PBXFileReference; lastKnownFileType = sourcecode.swift; path = Hero.swift; sourceTree = "<group>"; };
/* End PBXFileReference section */

/* Begin PBXFrameworksBuildPhase section */
		5929C11027BE5ED400A732F0 /* Frameworks */ = {
			isa = PBXFrameworksBuildPhase;
			buildActionMask = 2147483647;
			files = (
			);
			runOnlyForDeploymentPostprocessing = 0;
		};
/* End PBXFrameworksBuildPhase section */

/* Begin PBXGroup section */
		5929C10A27BE5ED400A732F0 = {
			isa = PBXGroup;
			children = (
				5929C11527BE5ED400A732F0 /* HeroesApp */,
				5929C11427BE5ED400A732F0 /* Products */,
			);
			sourceTree = "<group>";
		};
		5929C11427BE5ED400A732F0 /* Products */ = {
			isa = PBXGroup;
			children = (
				5929C11327BE5ED400A732F0 /* HeroesApp.app */,
			);
			name = Products;
			sourceTree = "<group>";
		};
		5929C11527BE5ED400A732F0 /* HeroesApp */ = {
			isa = PBXGroup;
			children = (
				5929C13627BE6F2600A732F0 /* Views */,
				5929C12F27BE658100A732F0 /* ViewControllers */,
				5929C12D27BE652B00A732F0 /* Storyboards */,
				5929C13127BE659800A732F0 /* Services */,
				5929C13027BE658B00A732F0 /* Models */,
				5929C12C27BE648200A732F0 /* App */,
				5929C12E27BE656500A732F0 /* Resources */,
				5929C12A27BE62F300A732F0 /* .gitignore */,
			);
			path = HeroesApp;
			sourceTree = "<group>";
		};
		5929C12C27BE648200A732F0 /* App */ = {
			isa = PBXGroup;
			children = (
				5929C11827BE5ED400A732F0 /* SceneDelegate.swift */,
				5929C11627BE5ED400A732F0 /* AppDelegate.swift */,
				5929C12427BE5ED700A732F0 /* Info.plist */,
			);
			path = App;
			sourceTree = "<group>";
		};
		5929C12D27BE652B00A732F0 /* Storyboards */ = {
			isa = PBXGroup;
			children = (
				5929C11C27BE5ED400A732F0 /* Main.storyboard */,
				5929C12127BE5ED700A732F0 /* LaunchScreen.storyboard */,
			);
			path = Storyboards;
			sourceTree = "<group>";
		};
		5929C12E27BE656500A732F0 /* Resources */ = {
			isa = PBXGroup;
			children = (
				5929C11F27BE5ED700A732F0 /* Assets.xcassets */,
			);
			path = Resources;
			sourceTree = "<group>";
		};
		5929C12F27BE658100A732F0 /* ViewControllers */ = {
			isa = PBXGroup;
			children = (
				5929C13227BE680500A732F0 /* HeroesCollectionViewController.swift */,
				5929C13427BE6A6500A732F0 /* HeroDetailsViewController.swift */,
			);
			name = ViewControllers;
			sourceTree = "<group>";
		};
		5929C13027BE658B00A732F0 /* Models */ = {
			isa = PBXGroup;
			children = (
				5929C13727BE70C400A732F0 /* Hero.swift */,
			);
			name = Models;
			sourceTree = "<group>";
		};
		5929C13127BE659800A732F0 /* Services */ = {
			isa = PBXGroup;
			children = (
			);
			name = Services;
			sourceTree = "<group>";
		};
		5929C13627BE6F2600A732F0 /* Views */ = {
			isa = PBXGroup;
			children = (
			);
			name = Views;
			sourceTree = "<group>";
		};
/* End PBXGroup section */

/* Begin PBXNativeTarget section */
		5929C11227BE5ED400A732F0 /* HeroesApp */ = {
			isa = PBXNativeTarget;
			buildConfigurationList = 5929C12727BE5ED700A732F0 /* Build configuration list for PBXNativeTarget "HeroesApp" */;
			buildPhases = (
				5929C10F27BE5ED400A732F0 /* Sources */,
				5929C11027BE5ED400A732F0 /* Frameworks */,
				5929C11127BE5ED400A732F0 /* Resources */,
			);
			buildRules = (
			);
			dependencies = (
			);
			name = HeroesApp;
			productName = HeroesApp;
			productReference = 5929C11327BE5ED400A732F0 /* HeroesApp.app */;
			productType = "com.apple.product-type.application";
		};
/* End PBXNativeTarget section */

/* Begin PBXProject section */
		5929C10B27BE5ED400A732F0 /* Project object */ = {
			isa = PBXProject;
			attributes = {
				BuildIndependentTargetsInParallel = 1;
				LastSwiftUpdateCheck = 1320;
				LastUpgradeCheck = 1320;
				TargetAttributes = {
					5929C11227BE5ED400A732F0 = {
						CreatedOnToolsVersion = 13.2.1;
					};
				};
			};
			buildConfigurationList = 5929C10E27BE5ED400A732F0 /* Build configuration list for PBXProject "HeroesApp" */;
			compatibilityVersion = "Xcode 13.0";
			developmentRegion = en;
			hasScannedForEncodings = 0;
			knownRegions = (
				en,
				Base,
			);
			mainGroup = 5929C10A27BE5ED400A732F0;
			productRefGroup = 5929C11427BE5ED400A732F0 /* Products */;
			projectDirPath = "";
			projectRoot = "";
			targets = (
				5929C11227BE5ED400A732F0 /* HeroesApp */,
			);
		};
/* End PBXProject section */

/* Begin PBXResourcesBuildPhase section */
		5929C11127BE5ED400A732F0 /* Resources */ = {
			isa = PBXResourcesBuildPhase;
			buildActionMask = 2147483647;
			files = (
				5929C12B27BE62F300A732F0 /* .gitignore in Resources */,
				5929C12327BE5ED700A732F0 /* LaunchScreen.storyboard in Resources */,
				5929C12027BE5ED700A732F0 /* Assets.xcassets in Resources */,
				5929C11E27BE5ED400A732F0 /* Main.storyboard in Resources */,
			);
			runOnlyForDeploymentPostprocessing = 0;
		};
/* End PBXResourcesBuildPhase section */

/* Begin PBXSourcesBuildPhase section */
		5929C10F27BE5ED400A732F0 /* Sources */ = {
			isa = PBXSourcesBuildPhase;
			buildActionMask = 2147483647;
			files = (
				5929C13827BE70C400A732F0 /* Hero.swift in Sources */,
				5929C13327BE680500A732F0 /* HeroesCollectionViewController.swift in Sources */,
				5929C13527BE6A6500A732F0 /* HeroDetailsViewController.swift in Sources */,
				5929C11727BE5ED400A732F0 /* AppDelegate.swift in Sources */,
				5929C11927BE5ED400A732F0 /* SceneDelegate.swift in Sources */,
			);
			runOnlyForDeploymentPostprocessing = 0;
		};
/* End PBXSourcesBuildPhase section */

/* Begin PBXVariantGroup section */
		5929C11C27BE5ED400A732F0 /* Main.storyboard */ = {
			isa = PBXVariantGroup;
			children = (
				5929C11D27BE5ED400A732F0 /* Base */,
			);
			name = Main.storyboard;
			sourceTree = "<group>";
		};
		5929C12127BE5ED700A732F0 /* LaunchScreen.storyboard */ = {
			isa = PBXVariantGroup;
			children = (
				5929C12227BE5ED700A732F0 /* Base */,
			);
			name = LaunchScreen.storyboard;
			sourceTree = "<group>";
		};
/* End PBXVariantGroup section */

/* Begin XCBuildConfiguration section */
		5929C12527BE5ED700A732F0 /* Debug */ = {
			isa = XCBuildConfiguration;
			buildSettings = {
				ALWAYS_SEARCH_USER_PATHS = NO;
				CLANG_ANALYZER_NONNULL = YES;
				CLANG_ANALYZER_NUMBER_OBJECT_CONVERSION = YES_AGGRESSIVE;
				CLANG_CXX_LANGUAGE_STANDARD = "gnu++17";
				CLANG_CXX_LIBRARY = "libc++";
				CLANG_ENABLE_MODULES = YES;
				CLANG_ENABLE_OBJC_ARC = YES;
				CLANG_ENABLE_OBJC_WEAK = YES;
				CLANG_WARN_BLOCK_CAPTURE_AUTORELEASING = YES;
				CLANG_WARN_BOOL_CONVERSION = YES;
				CLANG_WARN_COMMA = YES;
				CLANG_WARN_CONSTANT_CONVERSION = YES;
				CLANG_WARN_DEPRECATED_OBJC_IMPLEMENTATIONS = YES;
				CLANG_WARN_DIRECT_OBJC_ISA_USAGE = YES_ERROR;
				CLANG_WARN_DOCUMENTATION_COMMENTS = YES;
				CLANG_WARN_EMPTY_BODY = YES;
				CLANG_WARN_ENUM_CONVERSION = YES;
				CLANG_WARN_INFINITE_RECURSION = YES;
				CLANG_WARN_INT_CONVERSION = YES;
				CLANG_WARN_NON_LITERAL_NULL_CONVERSION = YES;
				CLANG_WARN_OBJC_IMPLICIT_RETAIN_SELF = YES;
				CLANG_WARN_OBJC_LITERAL_CONVERSION = YES;
				CLANG_WARN_OBJC_ROOT_CLASS = YES_ERROR;
				CLANG_WARN_QUOTED_INCLUDE_IN_FRAMEWORK_HEADER = YES;
				CLANG_WARN_RANGE_LOOP_ANALYSIS = YES;
				CLANG_WARN_STRICT_PROTOTYPES = YES;
				CLANG_WARN_SUSPICIOUS_MOVE = YES;
				CLANG_WARN_UNGUARDED_AVAILABILITY = YES_AGGRESSIVE;
				CLANG_WARN_UNREACHABLE_CODE = YES;
				CLANG_WARN__DUPLICATE_METHOD_MATCH = YES;
				COPY_PHASE_STRIP = NO;
				DEBUG_INFORMATION_FORMAT = dwarf;
				ENABLE_STRICT_OBJC_MSGSEND = YES;
				ENABLE_TESTABILITY = YES;
				GCC_C_LANGUAGE_STANDARD = gnu11;
				GCC_DYNAMIC_NO_PIC = NO;
				GCC_NO_COMMON_BLOCKS = YES;
				GCC_OPTIMIZATION_LEVEL = 0;
				GCC_PREPROCESSOR_DEFINITIONS = (
					"DEBUG=1",
					"$(inherited)",
				);
				GCC_WARN_64_TO_32_BIT_CONVERSION = YES;
				GCC_WARN_ABOUT_RETURN_TYPE = YES_ERROR;
				GCC_WARN_UNDECLARED_SELECTOR = YES;
				GCC_WARN_UNINITIALIZED_AUTOS = YES_AGGRESSIVE;
				GCC_WARN_UNUSED_FUNCTION = YES;
				GCC_WARN_UNUSED_VARIABLE = YES;
				IPHONEOS_DEPLOYMENT_TARGET = 15.2;
				MTL_ENABLE_DEBUG_INFO = INCLUDE_SOURCE;
				MTL_FAST_MATH = YES;
				ONLY_ACTIVE_ARCH = YES;
				SDKROOT = iphoneos;
				SWIFT_ACTIVE_COMPILATION_CONDITIONS = DEBUG;
				SWIFT_OPTIMIZATION_LEVEL = "-Onone";
			};
			name = Debug;
		};
		5929C12627BE5ED700A732F0 /* Release */ = {
			isa = XCBuildConfiguration;
			buildSettings = {
				ALWAYS_SEARCH_USER_PATHS = NO;
				CLANG_ANALYZER_NONNULL = YES;
				CLANG_ANALYZER_NUMBER_OBJECT_CONVERSION = YES_AGGRESSIVE;
				CLANG_CXX_LANGUAGE_STANDARD = "gnu++17";
				CLANG_CXX_LIBRARY = "libc++";
				CLANG_ENABLE_MODULES = YES;
				CLANG_ENABLE_OBJC_ARC = YES;
				CLANG_ENABLE_OBJC_WEAK = YES;
				CLANG_WARN_BLOCK_CAPTURE_AUTORELEASING = YES;
				CLANG_WARN_BOOL_CONVERSION = YES;
				CLANG_WARN_COMMA = YES;
				CLANG_WARN_CONSTANT_CONVERSION = YES;
				CLANG_WARN_DEPRECATED_OBJC_IMPLEMENTATIONS = YES;
				CLANG_WARN_DIRECT_OBJC_ISA_USAGE = YES_ERROR;
				CLANG_WARN_DOCUMENTATION_COMMENTS = YES;
				CLANG_WARN_EMPTY_BODY = YES;
				CLANG_WARN_ENUM_CONVERSION = YES;
				CLANG_WARN_INFINITE_RECURSION = YES;
				CLANG_WARN_INT_CONVERSION = YES;
				CLANG_WARN_NON_LITERAL_NULL_CONVERSION = YES;
				CLANG_WARN_OBJC_IMPLICIT_RETAIN_SELF = YES;
				CLANG_WARN_OBJC_LITERAL_CONVERSION = YES;
				CLANG_WARN_OBJC_ROOT_CLASS = YES_ERROR;
				CLANG_WARN_QUOTED_INCLUDE_IN_FRAMEWORK_HEADER = YES;
				CLANG_WARN_RANGE_LOOP_ANALYSIS = YES;
				CLANG_WARN_STRICT_PROTOTYPES = YES;
				CLANG_WARN_SUSPICIOUS_MOVE = YES;
				CLANG_WARN_UNGUARDED_AVAILABILITY = YES_AGGRESSIVE;
				CLANG_WARN_UNREACHABLE_CODE = YES;
				CLANG_WARN__DUPLICATE_METHOD_MATCH = YES;
				COPY_PHASE_STRIP = NO;
				DEBUG_INFORMATION_FORMAT = "dwarf-with-dsym";
				ENABLE_NS_ASSERTIONS = NO;
				ENABLE_STRICT_OBJC_MSGSEND = YES;
				GCC_C_LANGUAGE_STANDARD = gnu11;
				GCC_NO_COMMON_BLOCKS = YES;
				GCC_WARN_64_TO_32_BIT_CONVERSION = YES;
				GCC_WARN_ABOUT_RETURN_TYPE = YES_ERROR;
				GCC_WARN_UNDECLARED_SELECTOR = YES;
				GCC_WARN_UNINITIALIZED_AUTOS = YES_AGGRESSIVE;
				GCC_WARN_UNUSED_FUNCTION = YES;
				GCC_WARN_UNUSED_VARIABLE = YES;
				IPHONEOS_DEPLOYMENT_TARGET = 15.2;
				MTL_ENABLE_DEBUG_INFO = NO;
				MTL_FAST_MATH = YES;
				SDKROOT = iphoneos;
				SWIFT_COMPILATION_MODE = wholemodule;
				SWIFT_OPTIMIZATION_LEVEL = "-O";
				VALIDATE_PRODUCT = YES;
			};
			name = Release;
		};
		5929C12827BE5ED700A732F0 /* Debug */ = {
			isa = XCBuildConfiguration;
			buildSettings = {
				ASSETCATALOG_COMPILER_APPICON_NAME = AppIcon;
				ASSETCATALOG_COMPILER_GLOBAL_ACCENT_COLOR_NAME = AccentColor;
				CODE_SIGN_STYLE = Automatic;
				CURRENT_PROJECT_VERSION = 1;
				DEVELOPMENT_TEAM = 4XK5S24922;
				GENERATE_INFOPLIST_FILE = YES;
				INFOPLIST_FILE = HeroesApp/App/Info.plist;
				INFOPLIST_KEY_UIApplicationSupportsIndirectInputEvents = YES;
				INFOPLIST_KEY_UILaunchStoryboardName = LaunchScreen;
				INFOPLIST_KEY_UIMainStoryboardFile = Main;
				INFOPLIST_KEY_UISupportedInterfaceOrientations_iPad = "UIInterfaceOrientationPortrait UIInterfaceOrientationPortraitUpsideDown UIInterfaceOrientationLandscapeLeft UIInterfaceOrientationLandscapeRight";
				INFOPLIST_KEY_UISupportedInterfaceOrientations_iPhone = "UIInterfaceOrientationPortrait UIInterfaceOrientationLandscapeLeft UIInterfaceOrientationLandscapeRight";
				IPHONEOS_DEPLOYMENT_TARGET = 13.0;
				LD_RUNPATH_SEARCH_PATHS = (
					"$(inherited)",
					"@executable_path/Frameworks",
				);
				MARKETING_VERSION = 1.0;
				PRODUCT_BUNDLE_IDENTIFIER = "Alexey-Kulish.HeroesApp";
				PRODUCT_NAME = "$(TARGET_NAME)";
				SWIFT_EMIT_LOC_STRINGS = YES;
				SWIFT_VERSION = 5.0;
				TARGETED_DEVICE_FAMILY = 1;
			};
			name = Debug;
		};
		5929C12927BE5ED700A732F0 /* Release */ = {
			isa = XCBuildConfiguration;
			buildSettings = {
				ASSETCATALOG_COMPILER_APPICON_NAME = AppIcon;
				ASSETCATALOG_COMPILER_GLOBAL_ACCENT_COLOR_NAME = AccentColor;
				CODE_SIGN_STYLE = Automatic;
				CURRENT_PROJECT_VERSION = 1;
				DEVELOPMENT_TEAM = 4XK5S24922;
				GENERATE_INFOPLIST_FILE = YES;
				INFOPLIST_FILE = HeroesApp/App/Info.plist;
				INFOPLIST_KEY_UIApplicationSupportsIndirectInputEvents = YES;
				INFOPLIST_KEY_UILaunchStoryboardName = LaunchScreen;
				INFOPLIST_KEY_UIMainStoryboardFile = Main;
				INFOPLIST_KEY_UISupportedInterfaceOrientations_iPad = "UIInterfaceOrientationPortrait UIInterfaceOrientationPortraitUpsideDown UIInterfaceOrientationLandscapeLeft UIInterfaceOrientationLandscapeRight";
				INFOPLIST_KEY_UISupportedInterfaceOrientations_iPhone = "UIInterfaceOrientationPortrait UIInterfaceOrientationLandscapeLeft UIInterfaceOrientationLandscapeRight";
				IPHONEOS_DEPLOYMENT_TARGET = 13.0;
				LD_RUNPATH_SEARCH_PATHS = (
					"$(inherited)",
					"@executable_path/Frameworks",
				);
				MARKETING_VERSION = 1.0;
				PRODUCT_BUNDLE_IDENTIFIER = "Alexey-Kulish.HeroesApp";
				PRODUCT_NAME = "$(TARGET_NAME)";
				SWIFT_EMIT_LOC_STRINGS = YES;
				SWIFT_VERSION = 5.0;
				TARGETED_DEVICE_FAMILY = 1;
			};
			name = Release;
		};
/* End XCBuildConfiguration section */

/* Begin XCConfigurationList section */
		5929C10E27BE5ED400A732F0 /* Build configuration list for PBXProject "HeroesApp" */ = {
			isa = XCConfigurationList;
			buildConfigurations = (
				5929C12527BE5ED700A732F0 /* Debug */,
				5929C12627BE5ED700A732F0 /* Release */,
			);
			defaultConfigurationIsVisible = 0;
			defaultConfigurationName = Release;
		};
		5929C12727BE5ED700A732F0 /* Build configuration list for PBXNativeTarget "HeroesApp" */ = {
			isa = XCConfigurationList;
			buildConfigurations = (
				5929C12827BE5ED700A732F0 /* Debug */,
				5929C12927BE5ED700A732F0 /* Release */,
			);
			defaultConfigurationIsVisible = 0;
			defaultConfigurationName = Release;
		};
/* End XCConfigurationList section */
	};
	rootObject = 5929C10B27BE5ED400A732F0 /* Project object */;
}
